
Microsoft Visual Studio Solution File, Format Version 12.00
# Visual Studio Version 17
VisualStudioVersion = 17.7.34031.279
MinimumVisualStudioVersion = 10.0.40219.1
Project("{FAE04EC0-301F-11D3-BF4B-00C04F79EFBC}") = "TodoList", "TodoList\TodoList.csproj", "{310D5522-C557-4EA0-841D-A7F41385A16D}"
EndProject
Global
	GlobalSection(SolutionConfigurationPlatforms) = preSolution
		Debug|Any CPU = Debug|Any CPU
		Release|Any CPU = Release|Any CPU
	EndGlobalSection
	GlobalSection(ProjectConfigurationPlatforms) = postSolution
		{310D5522-C557-4EA0-841D-A7F41385A16D}.Debug|Any CPU.ActiveCfg = Debug|Any CPU
		{310D5522-C557-4EA0-841D-A7F41385A16D}.Debug|Any CPU.Build.0 = Debug|Any CPU
		{310D5522-C557-4EA0-841D-A7F41385A16D}.Release|Any CPU.ActiveCfg = Release|Any CPU
		{310D5522-C557-4EA0-841D-A7F41385A16D}.Release|Any CPU.Build.0 = Release|Any CPU
	EndGlobalSection
	GlobalSection(SolutionProperties) = preSolution
		HideSolutionNode = FALSE
	EndGlobalSection
	GlobalSection(ExtensibilityGlobals) = postSolution
		SolutionGuid = {5F7F4EEA-1022-49D4-B892-4313923DF37A}
	EndGlobalSection
EndGlobal
